
Microsoft Visual Studio Solution File, Format Version 12.00
# Visual Studio 15
VisualStudioVersion = 15.0.28010.2041
MinimumVisualStudioVersion = 10.0.40219.1
Project("{FAE04EC0-301F-11D3-BF4B-00C04F79EFBC}") = "WPF bugTest", "WPF bugTest\WPF bugTest.csproj", "{2136C67C-F486-47DC-A988-B99F020CD218}"
EndProject
Global
	GlobalSection(SolutionConfigurationPlatforms) = preSolution
		Debug|Any CPU = Debug|Any CPU
		Release|Any CPU = Release|Any CPU
	EndGlobalSection
	GlobalSection(ProjectConfigurationPlatforms) = postSolution
		{2136C67C-F486-47DC-A988-B99F020CD218}.Debug|Any CPU.ActiveCfg = Debug|Any CPU
		{2136C67C-F486-47DC-A988-B99F020CD218}.Debug|Any CPU.Build.0 = Debug|Any CPU
		{2136C67C-F486-47DC-A988-B99F020CD218}.Release|Any CPU.ActiveCfg = Release|Any CPU
		{2136C67C-F486-47DC-A988-B99F020CD218}.Release|Any CPU.Build.0 = Release|Any CPU
	EndGlobalSection
	GlobalSection(SolutionProperties) = preSolution
		HideSolutionNode = FALSE
	EndGlobalSection
	GlobalSection(ExtensibilityGlobals) = postSolution
		SolutionGuid = {827ED8F5-B0B6-46F9-829D-F7F9987C69EF}
	EndGlobalSection
EndGlobal
